
Microsoft Visual Studio Solution File, Format Version 12.00
# Visual Studio Version 16
VisualStudioVersion = 25.0.1706.3
MinimumVisualStudioVersion = 10.0.40219.1
Project("{FAE04EC0-301F-11D3-BF4B-00C04F79EFBC}") = "MauiHtmlLabelPlatformSpike", "MauiHtmlLabelPlatformSpike.csproj", "{758ECE4F-2C38-4102-A39A-729DFA23DF1E}"
EndProject
Global
	GlobalSection(SolutionConfigurationPlatforms) = preSolution
		Debug|Any CPU = Debug|Any CPU
		Release|Any CPU = Release|Any CPU
	EndGlobalSection
	GlobalSection(ProjectConfigurationPlatforms) = postSolution
		{758ECE4F-2C38-4102-A39A-729DFA23DF1E}.Debug|Any CPU.ActiveCfg = Debug|Any CPU
		{758ECE4F-2C38-4102-A39A-729DFA23DF1E}.Debug|Any CPU.Build.0 = Debug|Any CPU
		{758ECE4F-2C38-4102-A39A-729DFA23DF1E}.Release|Any CPU.ActiveCfg = Release|Any CPU
		{758ECE4F-2C38-4102-A39A-729DFA23DF1E}.Release|Any CPU.Build.0 = Release|Any CPU
	EndGlobalSection
	GlobalSection(SolutionProperties) = preSolution
		HideSolutionNode = FALSE
	EndGlobalSection
	GlobalSection(ExtensibilityGlobals) = postSolution
		SolutionGuid = {54F4071E-B454-4831-BD44-3DAE88A82E79}
	EndGlobalSection
EndGlobal
